
Microsoft Visual Studio Solution File, Format Version 12.00
# Visual Studio 15
VisualStudioVersion = 15.0.26124.0
MinimumVisualStudioVersion = 15.0.26124.0
Project("{FAE04EC0-301F-11D3-BF4B-00C04F79EFBC}") = "SensorValidate", "SensorValidate\SensorValidate.csproj", "{FD6E4A41-8C86-4B91-BF2E-890365E842C6}"
EndProject
Project("{FAE04EC0-301F-11D3-BF4B-00C04F79EFBC}") = "SensorValidate.Tests", "SensorValidate.Tests\SensorValidate.Tests.csproj", "{4F4EB84A-CA4F-47A6-A615-46309F5883B8}"
EndProject
Global
	GlobalSection(SolutionConfigurationPlatforms) = preSolution
		Debug|Any CPU = Debug|Any CPU
		Debug|x64 = Debug|x64
		Debug|x86 = Debug|x86
		Release|Any CPU = Release|Any CPU
		Release|x64 = Release|x64
		Release|x86 = Release|x86
	EndGlobalSection
	GlobalSection(SolutionProperties) = preSolution
		HideSolutionNode = FALSE
	EndGlobalSection
	GlobalSection(ProjectConfigurationPlatforms) = postSolution
		{FD6E4A41-8C86-4B91-BF2E-890365E842C6}.Debug|Any CPU.ActiveCfg = Debug|Any CPU
		{FD6E4A41-8C86-4B91-BF2E-890365E842C6}.Debug|Any CPU.Build.0 = Debug|Any CPU
		{FD6E4A41-8C86-4B91-BF2E-890365E842C6}.Debug|x64.ActiveCfg = Debug|Any CPU
		{FD6E4A41-8C86-4B91-BF2E-890365E842C6}.Debug|x64.Build.0 = Debug|Any CPU
		{FD6E4A41-8C86-4B91-BF2E-890365E842C6}.Debug|x86.ActiveCfg = Debug|Any CPU
		{FD6E4A41-8C86-4B91-BF2E-890365E842C6}.Debug|x86.Build.0 = Debug|Any CPU
		{FD6E4A41-8C86-4B91-BF2E-890365E842C6}.Release|Any CPU.ActiveCfg = Release|Any CPU
		{FD6E4A41-8C86-4B91-BF2E-890365E842C6}.Release|Any CPU.Build.0 = Release|Any CPU
		{FD6E4A41-8C86-4B91-BF2E-890365E842C6}.Release|x64.ActiveCfg = Release|Any CPU
		{FD6E4A41-8C86-4B91-BF2E-890365E842C6}.Release|x64.Build.0 = Release|Any CPU
		{FD6E4A41-8C86-4B91-BF2E-890365E842C6}.Release|x86.ActiveCfg = Release|Any CPU
		{FD6E4A41-8C86-4B91-BF2E-890365E842C6}.Release|x86.Build.0 = Release|Any CPU
		{4F4EB84A-CA4F-47A6-A615-46309F5883B8}.Debug|Any CPU.ActiveCfg = Debug|Any CPU
		{4F4EB84A-CA4F-47A6-A615-46309F5883B8}.Debug|Any CPU.Build.0 = Debug|Any CPU
		{4F4EB84A-CA4F-47A6-A615-46309F5883B8}.Debug|x64.ActiveCfg = Debug|Any CPU
		{4F4EB84A-CA4F-47A6-A615-46309F5883B8}.Debug|x64.Build.0 = Debug|Any CPU
		{4F4EB84A-CA4F-47A6-A615-46309F5883B8}.Debug|x86.ActiveCfg = Debug|Any CPU
		{4F4EB84A-CA4F-47A6-A615-46309F5883B8}.Debug|x86.Build.0 = Debug|Any CPU
		{4F4EB84A-CA4F-47A6-A615-46309F5883B8}.Release|Any CPU.ActiveCfg = Release|Any CPU
		{4F4EB84A-CA4F-47A6-A615-46309F5883B8}.Release|Any CPU.Build.0 = Release|Any CPU
		{4F4EB84A-CA4F-47A6-A615-46309F5883B8}.Release|x64.ActiveCfg = Release|Any CPU
		{4F4EB84A-CA4F-47A6-A615-46309F5883B8}.Release|x64.Build.0 = Release|Any CPU
		{4F4EB84A-CA4F-47A6-A615-46309F5883B8}.Release|x86.ActiveCfg = Release|Any CPU
		{4F4EB84A-CA4F-47A6-A615-46309F5883B8}.Release|x86.Build.0 = Release|Any CPU
	EndGlobalSection
EndGlobal
